
Microsoft Visual Studio Solution File, Format Version 12.00
# Visual Studio Version 16
VisualStudioVersion = 16.0.31911.196
MinimumVisualStudioVersion = 10.0.40219.1
Project("{FAE04EC0-301F-11D3-BF4B-00C04F79EFBC}") = "SmartFan2", "SmartFan2\SmartFan2.csproj", "{50E2E524-AA76-453E-8441-8C0BA7B57727}"
EndProject
Global
	GlobalSection(SolutionConfigurationPlatforms) = preSolution
		Debug|Any CPU = Debug|Any CPU
		Release|Any CPU = Release|Any CPU
	EndGlobalSection
	GlobalSection(ProjectConfigurationPlatforms) = postSolution
		{50E2E524-AA76-453E-8441-8C0BA7B57727}.Debug|Any CPU.ActiveCfg = Debug|Any CPU
		{50E2E524-AA76-453E-8441-8C0BA7B57727}.Debug|Any CPU.Build.0 = Debug|Any CPU
		{50E2E524-AA76-453E-8441-8C0BA7B57727}.Release|Any CPU.ActiveCfg = Release|Any CPU
		{50E2E524-AA76-453E-8441-8C0BA7B57727}.Release|Any CPU.Build.0 = Release|Any CPU
	EndGlobalSection
	GlobalSection(SolutionProperties) = preSolution
		HideSolutionNode = FALSE
	EndGlobalSection
	GlobalSection(ExtensibilityGlobals) = postSolution
		SolutionGuid = {A1AF09AD-9352-429D-AA5A-978141DE5F8D}
	EndGlobalSection
EndGlobal
